
Microsoft Visual Studio Solution File, Format Version 12.00
# Visual Studio 15
Project("{FAE04EC0-301F-11D3-BF4B-00C04F79EFBC}") = "NavMeshComponents", "NavMeshComponents.csproj", "{43A2A7E9-289E-7799-4297-93B9311D6516}"
EndProject
Project("{FAE04EC0-301F-11D3-BF4B-00C04F79EFBC}") = "Assembly-CSharp", "Assembly-CSharp.csproj", "{77A543ED-4E59-FE3B-5780-340B6B6DAA42}"
EndProject
Project("{FAE04EC0-301F-11D3-BF4B-00C04F79EFBC}") = "NavMeshComponentsEditor", "NavMeshComponentsEditor.csproj", "{2DB9B22F-E090-7BB4-3670-A1DA67C6D719}"
EndProject
Global
	GlobalSection(SolutionConfigurationPlatforms) = preSolution
		Debug|Any CPU = Debug|Any CPU
		Release|Any CPU = Release|Any CPU
	EndGlobalSection
	GlobalSection(ProjectConfigurationPlatforms) = postSolution
		{43A2A7E9-289E-7799-4297-93B9311D6516}.Debug|Any CPU.ActiveCfg = Debug|Any CPU
		{43A2A7E9-289E-7799-4297-93B9311D6516}.Debug|Any CPU.Build.0 = Debug|Any CPU
		{43A2A7E9-289E-7799-4297-93B9311D6516}.Release|Any CPU.ActiveCfg = Release|Any CPU
		{43A2A7E9-289E-7799-4297-93B9311D6516}.Release|Any CPU.Build.0 = Release|Any CPU
		{77A543ED-4E59-FE3B-5780-340B6B6DAA42}.Debug|Any CPU.ActiveCfg = Debug|Any CPU
		{77A543ED-4E59-FE3B-5780-340B6B6DAA42}.Debug|Any CPU.Build.0 = Debug|Any CPU
		{77A543ED-4E59-FE3B-5780-340B6B6DAA42}.Release|Any CPU.ActiveCfg = Release|Any CPU
		{77A543ED-4E59-FE3B-5780-340B6B6DAA42}.Release|Any CPU.Build.0 = Release|Any CPU
		{2DB9B22F-E090-7BB4-3670-A1DA67C6D719}.Debug|Any CPU.ActiveCfg = Debug|Any CPU
		{2DB9B22F-E090-7BB4-3670-A1DA67C6D719}.Debug|Any CPU.Build.0 = Debug|Any CPU
		{2DB9B22F-E090-7BB4-3670-A1DA67C6D719}.Release|Any CPU.ActiveCfg = Release|Any CPU
		{2DB9B22F-E090-7BB4-3670-A1DA67C6D719}.Release|Any CPU.Build.0 = Release|Any CPU
	EndGlobalSection
	GlobalSection(SolutionProperties) = preSolution
		HideSolutionNode = FALSE
	EndGlobalSection
EndGlobal
